Microsoft Visual Studio Solution File, Format Version 12.00
# Visual Studio Version 17
VisualStudioVersion = 17.5.2.0
MinimumVisualStudioVersion = 10.0.40219.1
Project("{FAE04EC0-301F-11D3-BF4B-00C04F79EFBC}") = "ConsoleFileReader", "ConsoleFileReader\ConsoleFileReader.csproj", "{F95FED09-E537-9C38-0378-A7CCAFABA23B}"
EndProject
Global
	GlobalSection(SolutionConfigurationPlatforms) = preSolution
		Debug|Any CPU = Debug|Any CPU
		Release|Any CPU = Release|Any CPU
	EndGlobalSection
	GlobalSection(ProjectConfigurationPlatforms) = postSolution
		{F95FED09-E537-9C38-0378-A7CCAFABA23B}.Debug|Any CPU.ActiveCfg = Debug|Any CPU
		{F95FED09-E537-9C38-0378-A7CCAFABA23B}.Debug|Any CPU.Build.0 = Debug|Any CPU
		{F95FED09-E537-9C38-0378-A7CCAFABA23B}.Release|Any CPU.ActiveCfg = Release|Any CPU
		{F95FED09-E537-9C38-0378-A7CCAFABA23B}.Release|Any CPU.Build.0 = Release|Any CPU
	EndGlobalSection
	GlobalSection(SolutionProperties) = preSolution
		HideSolutionNode = FALSE
	EndGlobalSection
	GlobalSection(ExtensibilityGlobals) = postSolution
		SolutionGuid = {023DDA9E-570E-48A4-85F3-A57DABD41840}
	EndGlobalSection
EndGlobal
